
Microsoft Visual Studio Solution File, Format Version 12.00
# Visual Studio Version 16
VisualStudioVersion = 16.0.33423.256
MinimumVisualStudioVersion = 10.0.40219.1
Project("{FAE04EC0-301F-11D3-BF4B-00C04F79EFBC}") = "Portfolio", "Portfolio\Portfolio.csproj", "{AF4ED915-23E7-4314-BF06-36CDFDFA0994}"
EndProject
Global
	GlobalSection(SolutionConfigurationPlatforms) = preSolution
		Debug|Any CPU = Debug|Any CPU
		Release|Any CPU = Release|Any CPU
	EndGlobalSection
	GlobalSection(ProjectConfigurationPlatforms) = postSolution
		{AF4ED915-23E7-4314-BF06-36CDFDFA0994}.Debug|Any CPU.ActiveCfg = Debug|Any CPU
		{AF4ED915-23E7-4314-BF06-36CDFDFA0994}.Debug|Any CPU.Build.0 = Debug|Any CPU
		{AF4ED915-23E7-4314-BF06-36CDFDFA0994}.Release|Any CPU.ActiveCfg = Release|Any CPU
		{AF4ED915-23E7-4314-BF06-36CDFDFA0994}.Release|Any CPU.Build.0 = Release|Any CPU
	EndGlobalSection
	GlobalSection(SolutionProperties) = preSolution
		HideSolutionNode = FALSE
	EndGlobalSection
	GlobalSection(ExtensibilityGlobals) = postSolution
		SolutionGuid = {675B4994-C5DE-4154-9810-E6B7F67C6C4C}
	EndGlobalSection
EndGlobal
